// !$*UTF8*$!
{
	archiveVersion = 1;
	classes = {
	};
	objectVersion = 48;
	objects = {

/* Begin PBXBuildFile section */
		18120B592057F46800BBF6C8 /* RGPositioning.swift in Sources */ = {isa = PBXBuildFile; fileRef = 18120B582057F46800BBF6C8 /* RGPositioning.swift */; };
		18120B5B2057F47000BBF6C8 /* RGNavigation.swift in Sources */ = {isa = PBXBuildFile; fileRef = 18120B5A2057F47000BBF6C8 /* RGNavigation.swift */; };
		181B09842069250000201AE1 /* CachedRecords+CoreDataClass.swift in Sources */ = {isa = PBXBuildFile; fileRef = 181B09822069250000201AE1 /* CachedRecords+CoreDataClass.swift */; };
		181B09852069250000201AE1 /* CachedRecords+CoreDataProperties.swift in Sources */ = {isa = PBXBuildFile; fileRef = 181B09832069250000201AE1 /* CachedRecords+CoreDataProperties.swift */; };
		181D01022053EB13001CB8BD /* MapTilemapScene.sks in Resources */ = {isa = PBXBuildFile; fileRef = 181D01002053EB13001CB8BD /* MapTilemapScene.sks */; };
		182518FD1FAF454A0005F5F6 /* AppDelegate.swift in Sources */ = {isa = PBXBuildFile; fileRef = 182518FC1FAF454A0005F5F6 /* AppDelegate.swift */; };
		182518FF1FAF454A0005F5F6 /* art.scnassets in Resources */ = {isa = PBXBuildFile; fileRef = 182518FE1FAF454A0005F5F6 /* art.scnassets */; };
		182519011FAF454A0005F5F6 /* ARViewController.swift in Sources */ = {isa = PBXBuildFile; fileRef = 182519001FAF454A0005F5F6 /* ARViewController.swift */; };
		182519041FAF454A0005F5F6 /* Main.storyboard in Resources */ = {isa = PBXBuildFile; fileRef = 182519021FAF454A0005F5F6 /* Main.storyboard */; };
		182519091FAF454A0005F5F6 /* LaunchScreen.storyboard in Resources */ = {isa = PBXBuildFile; fileRef = 182519071FAF454A0005F5F6 /* LaunchScreen.storyboard */; };
		182519141FAF454A0005F5F6 /* NavigateTests.swift in Sources */ = {isa = PBXBuildFile; fileRef = 182519131FAF454A0005F5F6 /* NavigateTests.swift */; };
		1825191F1FAF454A0005F5F6 /* NavigateUITests.swift in Sources */ = {isa = PBXBuildFile; fileRef = 1825191E1FAF454A0005F5F6 /* NavigateUITests.swift */; };
		18309F5A202918BE009F5CDD /* BLEService.swift in Sources */ = {isa = PBXBuildFile; fileRef = 18309F59202918BE009F5CDD /* BLEService.swift */; };
		18309F5C20291983009F5CDD /* BLEServiceProperties.swift in Sources */ = {isa = PBXBuildFile; fileRef = 18309F5B20291983009F5CDD /* BLEServiceProperties.swift */; };
		18309F6320291F30009F5CDD /* MapViewController.swift in Sources */ = {isa = PBXBuildFile; fileRef = 18309F6220291F30009F5CDD /* MapViewController.swift */; };
		1830E3EF205717DE00F39ABA /* MapViewControllerExtensions.swift in Sources */ = {isa = PBXBuildFile; fileRef = 1830E3EE205717DE00F39ABA /* MapViewControllerExtensions.swift */; };
		183346752061FC86001EA340 /* MapButtonsViewExtensions.swift in Sources */ = {isa = PBXBuildFile; fileRef = 183346742061FC86001EA340 /* MapButtonsViewExtensions.swift */; };
		18363B6F205C383700FC17F4 /* MapButtonsView.swift in Sources */ = {isa = PBXBuildFile; fileRef = 18363B6E205C383700FC17F4 /* MapButtonsView.swift */; };
		183F1C8E2068386100199D51 /* CloudKitManagedObject.swift in Sources */ = {isa = PBXBuildFile; fileRef = 183F1C8D2068386100199D51 /* CloudKitManagedObject.swift */; };
		183F1CD2206841BA00199D51 /* FloorCloudExtension.swift in Sources */ = {isa = PBXBuildFile; fileRef = 183F1CD1206841BA00199D51 /* FloorCloudExtension.swift */; };
		183F1CD42068420600199D51 /* TileCloudExtension.swift in Sources */ = {isa = PBXBuildFile; fileRef = 183F1CD32068420600199D51 /* TileCloudExtension.swift */; };
		183F1CD62068433700199D51 /* RoomCloudExtension.swift in Sources */ = {isa = PBXBuildFile; fileRef = 183F1CD52068433700199D51 /* RoomCloudExtension.swift */; };
		183F1CD82068434100199D51 /* AccessPointCloudExtension.swift in Sources */ = {isa = PBXBuildFile; fileRef = 183F1CD72068434100199D51 /* AccessPointCloudExtension.swift */; };
		183F1CF12068486700199D51 /* AccessPoint+CoreDataClass.swift in Sources */ = {isa = PBXBuildFile; fileRef = 183F1CE92068486700199D51 /* AccessPoint+CoreDataClass.swift */; };
		183F1CF22068486700199D51 /* AccessPoint+CoreDataProperties.swift in Sources */ = {isa = PBXBuildFile; fileRef = 183F1CEA2068486700199D51 /* AccessPoint+CoreDataProperties.swift */; };
		183F1CF32068486700199D51 /* Room+CoreDataClass.swift in Sources */ = {isa = PBXBuildFile; fileRef = 183F1CEB2068486700199D51 /* Room+CoreDataClass.swift */; };
		183F1CF42068486700199D51 /* Room+CoreDataProperties.swift in Sources */ = {isa = PBXBuildFile; fileRef = 183F1CEC2068486700199D51 /* Room+CoreDataProperties.swift */; };
		183F1CF52068486700199D51 /* Tile+CoreDataClass.swift in Sources */ = {isa = PBXBuildFile; fileRef = 183F1CED2068486700199D51 /* Tile+CoreDataClass.swift */; };
		183F1CF62068486700199D51 /* Tile+CoreDataProperties.swift in Sources */ = {isa = PBXBuildFile; fileRef = 183F1CEE2068486700199D51 /* Tile+CoreDataProperties.swift */; };
		183F1CF72068486700199D51 /* Floor+CoreDataClass.swift in Sources */ = {isa = PBXBuildFile; fileRef = 183F1CEF2068486700199D51 /* Floor+CoreDataClass.swift */; };
		183F1CF82068486700199D51 /* Floor+CoreDataProperties.swift in Sources */ = {isa = PBXBuildFile; fileRef = 183F1CF02068486700199D51 /* Floor+CoreDataProperties.swift */; };
		184C7A4F2052FF4800962828 /* CoreData.framework in Frameworks */ = {isa = PBXBuildFile; fileRef = 187E32972024940C0053853D /* CoreData.framework */; };
		18587620205D5CAC008CF624 /* AdminViewController.swift in Sources */ = {isa = PBXBuildFile; fileRef = 1858761F205D5CAC008CF624 /* AdminViewController.swift */; };
		1868FDDE206C041E00BE73FE /* CloudKit.framework in Frameworks */ = {isa = PBXBuildFile; fileRef = 1868FDDD206C041E00BE73FE /* CloudKit.framework */; };
		1868FDE0206C1CB700BE73FE /* ProgressView.swift in Sources */ = {isa = PBXBuildFile; fileRef = 1868FDDF206C1CB700BE73FE /* ProgressView.swift */; };
		187E329A2024953D0053853D /* PersistenceService.swift in Sources */ = {isa = PBXBuildFile; fileRef = 187E32992024953D0053853D /* PersistenceService.swift */; };
		189EFFE820288D2E00E37729 /* navigate-data.xcdatamodeld in Sources */ = {isa = PBXBuildFile; fileRef = 189EFFE620288D2E00E37729 /* navigate-data.xcdatamodeld */; };
		18A2642C202B544E002EE7E9 /* Util.swift in Sources */ = {isa = PBXBuildFile; fileRef = 18A2642B202B544E002EE7E9 /* Util.swift */; };
		18AE77722066B29A008E0EC9 /* MapTimeAndDistanceView.swift in Sources */ = {isa = PBXBuildFile; fileRef = 18AE77712066B29A008E0EC9 /* MapTimeAndDistanceView.swift */; };
		18B42E4E206B0F5C00FFB587 /* CloudKitManager.swift in Sources */ = {isa = PBXBuildFile; fileRef = 18B42E4D206B0F5C00FFB587 /* CloudKitManager.swift */; };
		18B42E51206B114100FFB587 /* CloudKitManagerSubscriptionExtension.swift in Sources */ = {isa = PBXBuildFile; fileRef = 18B42E50206B114100FFB587 /* CloudKitManagerSubscriptionExtension.swift */; };
		18B42E53206B11C400FFB587 /* CloudKitManagerObjectsExtension.swift in Sources */ = {isa = PBXBuildFile; fileRef = 18B42E52206B11C400FFB587 /* CloudKitManagerObjectsExtension.swift */; };
		18B42E55206B126800FFB587 /* CloudKitManagerQueryExtension.swift in Sources */ = {isa = PBXBuildFile; fileRef = 18B42E54206B126800FFB587 /* CloudKitManagerQueryExtension.swift */; };
		18B93D982052AD7A00AD8B31 /* MapTileset.sks in Resources */ = {isa = PBXBuildFile; fileRef = 18B93D972052AD7A00AD8B31 /* MapTileset.sks */; };
		18C735632056F06500B292B1 /* Assets.xcassets in Resources */ = {isa = PBXBuildFile; fileRef = 18C735622056F06500B292B1 /* Assets.xcassets */; };
		18C735672057164200B292B1 /* RGSharedDataManager.swift in Sources */ = {isa = PBXBuildFile; fileRef = 18C735662057164200B292B1 /* RGSharedDataManager.swift */; };
		18D57721205C0225001C4B1C /* ScrollableBottomSheetViewController.swift in Sources */ = {isa = PBXBuildFile; fileRef = 18D5771F205C0225001C4B1C /* ScrollableBottomSheetViewController.swift */; };
		18D57722205C0225001C4B1C /* ScrollableBottomSheetViewController.xib in Resources */ = {isa = PBXBuildFile; fileRef = 18D57720205C0225001C4B1C /* ScrollableBottomSheetViewController.xib */; };
		18D57725205C028C001C4B1C /* DefaultTableViewCell.swift in Sources */ = {isa = PBXBuildFile; fileRef = 18D57723205C028B001C4B1C /* DefaultTableViewCell.swift */; };
		18D57726205C028C001C4B1C /* DefaultTableViewCell.xib in Resources */ = {isa = PBXBuildFile; fileRef = 18D57724205C028C001C4B1C /* DefaultTableViewCell.xib */; };
		18D57728205C02C3001C4B1C /* ScrollableBottomSheetViewControllerExtensions.swift in Sources */ = {isa = PBXBuildFile; fileRef = 18D57727205C02C3001C4B1C /* ScrollableBottomSheetViewControllerExtensions.swift */; };
		18DCD758206069F50003644D /* RGSharedDataManagerTilesExtension.swift in Sources */ = {isa = PBXBuildFile; fileRef = 18DCD757206069F50003644D /* RGSharedDataManagerTilesExtension.swift */; };
		18DCD75A20606A220003644D /* RGSharedDataManagerRoomsExtension.swift in Sources */ = {isa = PBXBuildFile; fileRef = 18DCD75920606A220003644D /* RGSharedDataManagerRoomsExtension.swift */; };
		18DCD75C20606A6C0003644D /* RGSharedDataManagerFloorExtension.swift in Sources */ = {isa = PBXBuildFile; fileRef = 18DCD75B20606A6C0003644D /* RGSharedDataManagerFloorExtension.swift */; };
		18DCD75E20606AA70003644D /* RGSharedDataManagerAccessPointExtension.swift in Sources */ = {isa = PBXBuildFile; fileRef = 18DCD75D20606AA70003644D /* RGSharedDataManagerAccessPointExtension.swift */; };
		18DCD76120607CAA0003644D /* RGBackButton.swift in Sources */ = {isa = PBXBuildFile; fileRef = 18DCD76020607CAA0003644D /* RGBackButton.swift */; };
		18DFE2252062EB6400B42175 /* MapTileEditViewController.swift in Sources */ = {isa = PBXBuildFile; fileRef = 18DFE2242062EB6400B42175 /* MapTileEditViewController.swift */; };
		18E0E4042065442300C173AC /* ARRing.swift in Sources */ = {isa = PBXBuildFile; fileRef = 18E0E4032065442300C173AC /* ARRing.swift */; };
/* End PBXBuildFile section */

/* Begin PBXContainerItemProxy section */
		182519101FAF454A0005F5F6 /* PBXContainerItemProxy */ = {
			isa = PBXContainerItemProxy;
			containerPortal = 182518F11FAF454A0005F5F6 /* Project object */;
			proxyType = 1;
			remoteGlobalIDString = 182518F81FAF454A0005F5F6;
			remoteInfo = Navigate;
		};
		1825191B1FAF454A0005F5F6 /* PBXContainerItemProxy */ = {
			isa = PBXContainerItemProxy;
			containerPortal = 182518F11FAF454A0005F5F6 /* Project object */;
			proxyType = 1;
			remoteGlobalIDString = 182518F81FAF454A0005F5F6;
			remoteInfo = Navigate;
		};
/* End PBXContainerItemProxy section */

/* Begin PBXFileReference section */
		18120B582057F46800BBF6C8 /* RGPositioning.swift */ = {isa = PBXFileReference; lastKnownFileType = sourcecode.swift; path = RGPositioning.swift; sourceTree = "<group>"; };
		18120B5A2057F47000BBF6C8 /* RGNavigation.swift */ = {isa = PBXFileReference; lastKnownFileType = sourcecode.swift; path = RGNavigation.swift; sourceTree = "<group>"; };
		181B09822069250000201AE1 /* CachedRecords+CoreDataClass.swift */ = {isa = PBXFileReference; lastKnownFileType = sourcecode.swift; path = "CachedRecords+CoreDataClass.swift"; sourceTree = "<group>"; };
		181B09832069250000201AE1 /* CachedRecords+CoreDataProperties.swift */ = {isa = PBXFileReference; lastKnownFileType = sourcecode.swift; path = "CachedRecords+CoreDataProperties.swift"; sourceTree = "<group>"; };
		181D01002053EB13001CB8BD /* MapTilemapScene.sks */ = {isa = PBXFileReference; lastKnownFileType = file.sks; path = MapTilemapScene.sks; sourceTree = "<group>"; };
		182518F91FAF454A0005F5F6 /* Navigate.app */ = {isa = PBXFileReference; explicitFileType = wrapper.application; includeInIndex = 0; path = Navigate.app; sourceTree = BUILT_PRODUCTS_DIR; };
		182518FC1FAF454A0005F5F6 /* AppDelegate.swift */ = {isa = PBXFileReference; lastKnownFileType = sourcecode.swift; path = AppDelegate.swift; sourceTree = "<group>"; };
		182518FE1FAF454A0005F5F6 /* art.scnassets */ = {isa = PBXFileReference; lastKnownFileType = wrapper.scnassets; path = art.scnassets; sourceTree = "<group>"; };
		182519001FAF454A0005F5F6 /* ARViewController.swift */ = {isa = PBXFileReference; lastKnownFileType = sourcecode.swift; path = ARViewController.swift; sourceTree = "<group>"; };
		182519031FAF454A0005F5F6 /* Base */ = {isa = PBXFileReference; lastKnownFileType = file.storyboard; name = Base; path = Base.lproj/Main.storyboard; sourceTree = "<group>"; };
		182519081FAF454A0005F5F6 /* Base */ = {isa = PBXFileReference; lastKnownFileType = file.storyboard; name = Base; path = Base.lproj/LaunchScreen.storyboard; sourceTree = "<group>"; };
		1825190A1FAF454A0005F5F6 /* Info.plist */ = {isa = PBXFileReference; lastKnownFileType = text.plist.xml; path = Info.plist; sourceTree = "<group>"; };
		1825190F1FAF454A0005F5F6 /* NavigateTests.xctest */ = {isa = PBXFileReference; explicitFileType = wrapper.cfbundle; includeInIndex = 0; path = NavigateTests.xctest; sourceTree = BUILT_PRODUCTS_DIR; };
		182519131FAF454A0005F5F6 /* NavigateTests.swift */ = {isa = PBXFileReference; lastKnownFileType = sourcecode.swift; path = NavigateTests.swift; sourceTree = "<group>"; };
		182519151FAF454A0005F5F6 /* Info.plist */ = {isa = PBXFileReference; lastKnownFileType = text.plist.xml; path = Info.plist; sourceTree = "<group>"; };
		1825191A1FAF454A0005F5F6 /* NavigateUITests.xctest */ = {isa = PBXFileReference; explicitFileType = wrapper.cfbundle; includeInIndex = 0; path = NavigateUITests.xctest; sourceTree = BUILT_PRODUCTS_DIR; };
		1825191E1FAF454A0005F5F6 /* NavigateUITests.swift */ = {isa = PBXFileReference; lastKnownFileType = sourcecode.swift; path = NavigateUITests.swift; sourceTree = "<group>"; };
		182519201FAF454A0005F5F6 /* Info.plist */ = {isa = PBXFileReference; lastKnownFileType = text.plist.xml; path = Info.plist; sourceTree = "<group>"; };
		182519301FAF45750005F5F6 /* Navigate.entitlements */ = {isa = PBXFileReference; lastKnownFileType = text.plist.entitlements; path = Navigate.entitlements; sourceTree = "<group>"; };
		18309F59202918BE009F5CDD /* BLEService.swift */ = {isa = PBXFileReference; lastKnownFileType = sourcecode.swift; path = BLEService.swift; sourceTree = "<group>"; };
		18309F5B20291983009F5CDD /* BLEServiceProperties.swift */ = {isa = PBXFileReference; lastKnownFileType = sourcecode.swift; path = BLEServiceProperties.swift; sourceTree = "<group>"; };
		18309F6220291F30009F5CDD /* MapViewController.swift */ = {isa = PBXFileReference; lastKnownFileType = sourcecode.swift; path = MapViewController.swift; sourceTree = "<group>"; };
		1830E3EE205717DE00F39ABA /* MapViewControllerExtensions.swift */ = {isa = PBXFileReference; lastKnownFileType = sourcecode.swift; path = MapViewControllerExtensions.swift; sourceTree = "<group>"; };
		183346742061FC86001EA340 /* MapButtonsViewExtensions.swift */ = {isa = PBXFileReference; lastKnownFileType = sourcecode.swift; path = MapButtonsViewExtensions.swift; sourceTree = "<group>"; };
		18363B6E205C383700FC17F4 /* MapButtonsView.swift */ = {isa = PBXFileReference; lastKnownFileType = sourcecode.swift; path = MapButtonsView.swift; sourceTree = "<group>"; };
		183F1C8D2068386100199D51 /* CloudKitManagedObject.swift */ = {isa = PBXFileReference; lastKnownFileType = sourcecode.swift; path = CloudKitManagedObject.swift; sourceTree = "<group>"; };
		183F1CD1206841BA00199D51 /* FloorCloudExtension.swift */ = {isa = PBXFileReference; lastKnownFileType = sourcecode.swift; path = FloorCloudExtension.swift; sourceTree = "<group>"; };
		183F1CD32068420600199D51 /* TileCloudExtension.swift */ = {isa = PBXFileReference; lastKnownFileType = sourcecode.swift; path = TileCloudExtension.swift; sourceTree = "<group>"; };
		183F1CD52068433700199D51 /* RoomCloudExtension.swift */ = {isa = PBXFileReference; lastKnownFileType = sourcecode.swift; path = RoomCloudExtension.swift; sourceTree = "<group>"; };
		183F1CD72068434100199D51 /* AccessPointCloudExtension.swift */ = {isa = PBXFileReference; lastKnownFileType = sourcecode.swift; path = AccessPointCloudExtension.swift; sourceTree = "<group>"; };
		183F1CE92068486700199D51 /* AccessPoint+CoreDataClass.swift */ = {isa = PBXFileReference; lastKnownFileType = sourcecode.swift; path = "AccessPoint+CoreDataClass.swift"; sourceTree = "<group>"; };
		183F1CEA2068486700199D51 /* AccessPoint+CoreDataProperties.swift */ = {isa = PBXFileReference; lastKnownFileType = sourcecode.swift; path = "AccessPoint+CoreDataProperties.swift"; sourceTree = "<group>"; };
		183F1CEB2068486700199D51 /* Room+CoreDataClass.swift */ = {isa = PBXFileReference; lastKnownFileType = sourcecode.swift; path = "Room+CoreDataClass.swift"; sourceTree = "<group>"; };
		183F1CEC2068486700199D51 /* Room+CoreDataProperties.swift */ = {isa = PBXFileReference; lastKnownFileType = sourcecode.swift; path = "Room+CoreDataProperties.swift"; sourceTree = "<group>"; };
		183F1CED2068486700199D51 /* Tile+CoreDataClass.swift */ = {isa = PBXFileReference; lastKnownFileType = sourcecode.swift; path = "Tile+CoreDataClass.swift"; sourceTree = "<group>"; };
		183F1CEE2068486700199D51 /* Tile+CoreDataProperties.swift */ = {isa = PBXFileReference; lastKnownFileType = sourcecode.swift; path = "Tile+CoreDataProperties.swift"; sourceTree = "<group>"; };
		183F1CEF2068486700199D51 /* Floor+CoreDataClass.swift */ = {isa = PBXFileReference; lastKnownFileType = sourcecode.swift; path = "Floor+CoreDataClass.swift"; sourceTree = "<group>"; };
		183F1CF02068486700199D51 /* Floor+CoreDataProperties.swift */ = {isa = PBXFileReference; lastKnownFileType = sourcecode.swift; path = "Floor+CoreDataProperties.swift"; sourceTree = "<group>"; };
		1858761F205D5CAC008CF624 /* AdminViewController.swift */ = {isa = PBXFileReference; lastKnownFileType = sourcecode.swift; path = AdminViewController.swift; sourceTree = "<group>"; };
		1868FDDD206C041E00BE73FE /* CloudKit.framework */ = {isa = PBXFileReference; lastKnownFileType = wrapper.framework; name = CloudKit.framework; path = System/Library/Frameworks/CloudKit.framework; sourceTree = SDKROOT; };
		1868FDDF206C1CB700BE73FE /* ProgressView.swift */ = {isa = PBXFileReference; lastKnownFileType = sourcecode.swift; path = ProgressView.swift; sourceTree = "<group>"; };
		187E32972024940C0053853D /* CoreData.framework */ = {isa = PBXFileReference; lastKnownFileType = wrapper.framework; name = CoreData.framework; path = System/Library/Frameworks/CoreData.framework; sourceTree = SDKROOT; };
		187E32992024953D0053853D /* PersistenceService.swift */ = {isa = PBXFileReference; lastKnownFileType = sourcecode.swift; path = PersistenceService.swift; sourceTree = "<group>"; };
		189EFFE720288D2E00E37729 /* navigate-data.xcdatamodel */ = {isa = PBXFileReference; lastKnownFileType = wrapper.xcdatamodel; path = "navigate-data.xcdatamodel"; sourceTree = "<group>"; };
		18A2642B202B544E002EE7E9 /* Util.swift */ = {isa = PBXFileReference; lastKnownFileType = sourcecode.swift; path = Util.swift; sourceTree = "<group>"; };
		18AE77712066B29A008E0EC9 /* MapTimeAndDistanceView.swift */ = {isa = PBXFileReference; lastKnownFileType = sourcecode.swift; path = MapTimeAndDistanceView.swift; sourceTree = "<group>"; };
		18B42E4D206B0F5C00FFB587 /* CloudKitManager.swift */ = {isa = PBXFileReference; lastKnownFileType = sourcecode.swift; path = CloudKitManager.swift; sourceTree = "<group>"; };
		18B42E50206B114100FFB587 /* CloudKitManagerSubscriptionExtension.swift */ = {isa = PBXFileReference; lastKnownFileType = sourcecode.swift; path = CloudKitManagerSubscriptionExtension.swift; sourceTree = "<group>"; };
		18B42E52206B11C400FFB587 /* CloudKitManagerObjectsExtension.swift */ = {isa = PBXFileReference; lastKnownFileType = sourcecode.swift; path = CloudKitManagerObjectsExtension.swift; sourceTree = "<group>"; };
		18B42E54206B126800FFB587 /* CloudKitManagerQueryExtension.swift */ = {isa = PBXFileReference; lastKnownFileType = sourcecode.swift; path = CloudKitManagerQueryExtension.swift; sourceTree = "<group>"; };
		18B93D972052AD7A00AD8B31 /* MapTileset.sks */ = {isa = PBXFileReference; lastKnownFileType = file.sks; path = MapTileset.sks; sourceTree = "<group>"; };
		18C735622056F06500B292B1 /* Assets.xcassets */ = {isa = PBXFileReference; lastKnownFileType = folder.assetcatalog; path = Assets.xcassets; sourceTree = "<group>"; };
		18C735662057164200B292B1 /* RGSharedDataManager.swift */ = {isa = PBXFileReference; lastKnownFileType = sourcecode.swift; path = RGSharedDataManager.swift; sourceTree = "<group>"; };
		18D5771F205C0225001C4B1C /* ScrollableBottomSheetViewController.swift */ = {isa = PBXFileReference; fileEncoding = 4; lastKnownFileType = sourcecode.swift; path = ScrollableBottomSheetViewController.swift; sourceTree = "<group>"; };
		18D57720205C0225001C4B1C /* ScrollableBottomSheetViewController.xib */ = {isa = PBXFileReference; fileEncoding = 4; lastKnownFileType = file.xib; path = ScrollableBottomSheetViewController.xib; sourceTree = "<group>"; };
		18D57723205C028B001C4B1C /* DefaultTableViewCell.swift */ = {isa = PBXFileReference; fileEncoding = 4; lastKnownFileType = sourcecode.swift; path = DefaultTableViewCell.swift; sourceTree = "<group>"; };
		18D57724205C028C001C4B1C /* DefaultTableViewCell.xib */ = {isa = PBXFileReference; fileEncoding = 4; lastKnownFileType = file.xib; path = DefaultTableViewCell.xib; sourceTree = "<group>"; };
		18D57727205C02C3001C4B1C /* ScrollableBottomSheetViewControllerExtensions.swift */ = {isa = PBXFileReference; lastKnownFileType = sourcecode.swift; path = ScrollableBottomSheetViewControllerExtensions.swift; sourceTree = "<group>"; };
		18DCD757206069F50003644D /* RGSharedDataManagerTilesExtension.swift */ = {isa = PBXFileReference; lastKnownFileType = sourcecode.swift; path = RGSharedDataManagerTilesExtension.swift; sourceTree = "<group>"; };
		18DCD75920606A220003644D /* RGSharedDataManagerRoomsExtension.swift */ = {isa = PBXFileReference; lastKnownFileType = sourcecode.swift; path = RGSharedDataManagerRoomsExtension.swift; sourceTree = "<group>"; };
		18DCD75B20606A6C0003644D /* RGSharedDataManagerFloorExtension.swift */ = {isa = PBXFileReference; lastKnownFileType = sourcecode.swift; path = RGSharedDataManagerFloorExtension.swift; sourceTree = "<group>"; };
		18DCD75D20606AA70003644D /* RGSharedDataManagerAccessPointExtension.swift */ = {isa = PBXFileReference; lastKnownFileType = sourcecode.swift; path = RGSharedDataManagerAccessPointExtension.swift; sourceTree = "<group>"; };
		18DCD76020607CAA0003644D /* RGBackButton.swift */ = {isa = PBXFileReference; lastKnownFileType = sourcecode.swift; path = RGBackButton.swift; sourceTree = "<group>"; };
		18DFE2242062EB6400B42175 /* MapTileEditViewController.swift */ = {isa = PBXFileReference; lastKnownFileType = sourcecode.swift; path = MapTileEditViewController.swift; sourceTree = "<group>"; };
		18E0E4032065442300C173AC /* ARRing.swift */ = {isa = PBXFileReference; lastKnownFileType = sourcecode.swift; path = ARRing.swift; sourceTree = "<group>"; };
/* End PBXFileReference section */

/* Begin PBXFrameworksBuildPhase section */
		182518F61FAF454A0005F5F6 /* Frameworks */ = {
			isa = PBXFrameworksBuildPhase;
			buildActionMask = 2147483647;
			files = (
				184C7A4F2052FF4800962828 /* CoreData.framework in Frameworks */,
				1868FDDE206C041E00BE73FE /* CloudKit.framework in Frameworks */,
			);
			runOnlyForDeploymentPostprocessing = 0;
		};
		1825190C1FAF454A0005F5F6 /* Frameworks */ = {
			isa = PBXFrameworksBuildPhase;
			buildActionMask = 2147483647;
			files = (
			);
			runOnlyForDeploymentPostprocessing = 0;
		};
		182519171FAF454A0005F5F6 /* Frameworks */ = {
			isa = PBXFrameworksBuildPhase;
			buildActionMask = 2147483647;
			files = (
			);
			runOnlyForDeploymentPostprocessing = 0;
		};
/* End PBXFrameworksBuildPhase section */

/* Begin PBXGroup section */
		1816BE38205EDC1B0057957F /* Navigation */ = {
			isa = PBXGroup;
			children = (
				18120B5A2057F47000BBF6C8 /* RGNavigation.swift */,
			);
			path = Navigation;
			sourceTree = "<group>";
		};
		1816BE3B205EE7300057957F /* ApplicationDelegate */ = {
			isa = PBXGroup;
			children = (
				182518FC1FAF454A0005F5F6 /* AppDelegate.swift */,
			);
			path = ApplicationDelegate;
			sourceTree = "<group>";
		};
		182518F01FAF454A0005F5F6 = {
			isa = PBXGroup;
			children = (
				182518FB1FAF454A0005F5F6 /* Navigate */,
				182519121FAF454A0005F5F6 /* NavigateTests */,
				1825191D1FAF454A0005F5F6 /* NavigateUITests */,
				182518FA1FAF454A0005F5F6 /* Products */,
				1825192D1FAF45750005F5F6 /* Frameworks */,
			);
			sourceTree = "<group>";
		};
		182518FA1FAF454A0005F5F6 /* Products */ = {
			isa = PBXGroup;
			children = (
				182518F91FAF454A0005F5F6 /* Navigate.app */,
				1825190F1FAF454A0005F5F6 /* NavigateTests.xctest */,
				1825191A1FAF454A0005F5F6 /* NavigateUITests.xctest */,
			);
			name = Products;
			sourceTree = "<group>";
		};
		182518FB1FAF454A0005F5F6 /* Navigate */ = {
			isa = PBXGroup;
			children = (
				182519301FAF45750005F5F6 /* Navigate.entitlements */,
				1816BE3B205EE7300057957F /* ApplicationDelegate */,
				1825192C1FAF45650005F5F6 /* Model */,
				185936721FBD9DA60016BF66 /* ViewControllers */,
				182518FE1FAF454A0005F5F6 /* art.scnassets */,
				18C735622056F06500B292B1 /* Assets.xcassets */,
				1825190A1FAF454A0005F5F6 /* Info.plist */,
			);
			path = Navigate;
			sourceTree = "<group>";
		};
		182519121FAF454A0005F5F6 /* NavigateTests */ = {
			isa = PBXGroup;
			children = (
				182519131FAF454A0005F5F6 /* NavigateTests.swift */,
				182519151FAF454A0005F5F6 /* Info.plist */,
			);
			path = NavigateTests;
			sourceTree = "<group>";
		};
		1825191D1FAF454A0005F5F6 /* NavigateUITests */ = {
			isa = PBXGroup;
			children = (
				1825191E1FAF454A0005F5F6 /* NavigateUITests.swift */,
				182519201FAF454A0005F5F6 /* Info.plist */,
			);
			path = NavigateUITests;
			sourceTree = "<group>";
		};
		1825192C1FAF45650005F5F6 /* Model */ = {
			isa = PBXGroup;
			children = (
				18309F6120291EF8009F5CDD /* PiConnection */,
				18DCD756206069D40003644D /* SharedDataManager */,
				18309F5D20291EC2009F5CDD /* CoreData */,
				183346712061FB6D001EA340 /* Positioning */,
				1816BE38205EDC1B0057957F /* Navigation */,
				183346702061FB60001EA340 /* Util */,
			);
			path = Model;
			sourceTree = "<group>";
		};
		1825192D1FAF45750005F5F6 /* Frameworks */ = {
			isa = PBXGroup;
			children = (
				1868FDDD206C041E00BE73FE /* CloudKit.framework */,
				187E32972024940C0053853D /* CoreData.framework */,
			);
			name = Frameworks;
			sourceTree = "<group>";
		};
		18309F5D20291EC2009F5CDD /* CoreData */ = {
			isa = PBXGroup;
			children = (
				187E32992024953D0053853D /* PersistenceService.swift */,
				183F1C8C2068385500199D51 /* CloudKit */,
				18309F6020291EE7009F5CDD /* Models */,
				18309F5E20291ED1009F5CDD /* ClassAndProperties */,
			);
			path = CoreData;
			sourceTree = "<group>";
		};
		18309F5E20291ED1009F5CDD /* ClassAndProperties */ = {
			isa = PBXGroup;
			children = (
				181B09822069250000201AE1 /* CachedRecords+CoreDataClass.swift */,
				181B09832069250000201AE1 /* CachedRecords+CoreDataProperties.swift */,
				183F1CE92068486700199D51 /* AccessPoint+CoreDataClass.swift */,
				183F1CEA2068486700199D51 /* AccessPoint+CoreDataProperties.swift */,
				183F1CEB2068486700199D51 /* Room+CoreDataClass.swift */,
				183F1CEC2068486700199D51 /* Room+CoreDataProperties.swift */,
				183F1CED2068486700199D51 /* Tile+CoreDataClass.swift */,
				183F1CEE2068486700199D51 /* Tile+CoreDataProperties.swift */,
				183F1CEF2068486700199D51 /* Floor+CoreDataClass.swift */,
				183F1CF02068486700199D51 /* Floor+CoreDataProperties.swift */,
			);
			path = ClassAndProperties;
			sourceTree = "<group>";
		};
		18309F6020291EE7009F5CDD /* Models */ = {
			isa = PBXGroup;
			children = (
				189EFFE620288D2E00E37729 /* navigate-data.xcdatamodeld */,
			);
			path = Models;
			sourceTree = "<group>";
		};
		18309F6120291EF8009F5CDD /* PiConnection */ = {
			isa = PBXGroup;
			children = (
				18309F59202918BE009F5CDD /* BLEService.swift */,
				18309F5B20291983009F5CDD /* BLEServiceProperties.swift */,
			);
			path = PiConnection;
			sourceTree = "<group>";
		};
		18309F6420291F43009F5CDD /* Scenes */ = {
			isa = PBXGroup;
			children = (
				182519021FAF454A0005F5F6 /* Main.storyboard */,
				182519071FAF454A0005F5F6 /* LaunchScreen.storyboard */,
				18D57724205C028C001C4B1C /* DefaultTableViewCell.xib */,
				18D57720205C0225001C4B1C /* ScrollableBottomSheetViewController.xib */,
				18B93D972052AD7A00AD8B31 /* MapTileset.sks */,
				181D01002053EB13001CB8BD /* MapTilemapScene.sks */,
			);
			path = Scenes;
			sourceTree = "<group>";
		};
		183346702061FB60001EA340 /* Util */ = {
			isa = PBXGroup;
			children = (
				18A2642B202B544E002EE7E9 /* Util.swift */,
			);
			path = Util;
			sourceTree = "<group>";
		};
		183346712061FB6D001EA340 /* Positioning */ = {
			isa = PBXGroup;
			children = (
				18120B582057F46800BBF6C8 /* RGPositioning.swift */,
			);
			path = Positioning;
			sourceTree = "<group>";
		};
		183346722061FBA3001EA340 /* MainViewControllers */ = {
			isa = PBXGroup;
			children = (
				18B42E58206B272D00FFB587 /* MapButtonsView */,
				18DFE2232062EAE700B42175 /* AdminViewController */,
				18D5771E205C0211001C4B1C /* BottomTableView */,
				18309F6220291F30009F5CDD /* MapViewController.swift */,
				1830E3EE205717DE00F39ABA /* MapViewControllerExtensions.swift */,
				18DFE2242062EB6400B42175 /* MapTileEditViewController.swift */,
				18AE77712066B29A008E0EC9 /* MapTimeAndDistanceView.swift */,
			);
			path = MainViewControllers;
			sourceTree = "<group>";
		};
		183346732061FBB6001EA340 /* Util */ = {
			isa = PBXGroup;
			children = (
				18DCD76020607CAA0003644D /* RGBackButton.swift */,
				1868FDDF206C1CB700BE73FE /* ProgressView.swift */,
			);
			path = Util;
			sourceTree = "<group>";
		};
		18363B6D205C37C900FC17F4 /* AR */ = {
			isa = PBXGroup;
			children = (
				182519001FAF454A0005F5F6 /* ARViewController.swift */,
				18E0E4032065442300C173AC /* ARRing.swift */,
			);
			path = AR;
			sourceTree = "<group>";
		};
		183F1C8C2068385500199D51 /* CloudKit */ = {
			isa = PBXGroup;
			children = (
				18B42E4F206B112100FFB587 /* Manager */,
				18B42E56206B166700FFB587 /* ManagedObjects */,
			);
			path = CloudKit;
			sourceTree = "<group>";
		};
		185936721FBD9DA60016BF66 /* ViewControllers */ = {
			isa = PBXGroup;
			children = (
				183346732061FBB6001EA340 /* Util */,
				18309F6420291F43009F5CDD /* Scenes */,
				18363B6D205C37C900FC17F4 /* AR */,
				183346722061FBA3001EA340 /* MainViewControllers */,
			);
			path = ViewControllers;
			sourceTree = "<group>";
		};
		18B42E4F206B112100FFB587 /* Manager */ = {
			isa = PBXGroup;
			children = (
				18B42E4D206B0F5C00FFB587 /* CloudKitManager.swift */,
				18B42E52206B11C400FFB587 /* CloudKitManagerObjectsExtension.swift */,
				18B42E54206B126800FFB587 /* CloudKitManagerQueryExtension.swift */,
				18B42E50206B114100FFB587 /* CloudKitManagerSubscriptionExtension.swift */,
			);
			path = Manager;
			sourceTree = "<group>";
		};
		18B42E56206B166700FFB587 /* ManagedObjects */ = {
			isa = PBXGroup;
			children = (
				18B42E57206B168600FFB587 /* Protocol */,
				183F1CD1206841BA00199D51 /* FloorCloudExtension.swift */,
				183F1CD32068420600199D51 /* TileCloudExtension.swift */,
				183F1CD52068433700199D51 /* RoomCloudExtension.swift */,
				183F1CD72068434100199D51 /* AccessPointCloudExtension.swift */,
			);
			path = ManagedObjects;
			sourceTree = "<group>";
		};
		18B42E57206B168600FFB587 /* Protocol */ = {
			isa = PBXGroup;
			children = (
				183F1C8D2068386100199D51 /* CloudKitManagedObject.swift */,
			);
			path = Protocol;
			sourceTree = "<group>";
		};
		18B42E58206B272D00FFB587 /* MapButtonsView */ = {
			isa = PBXGroup;
			children = (
				18363B6E205C383700FC17F4 /* MapButtonsView.swift */,
				183346742061FC86001EA340 /* MapButtonsViewExtensions.swift */,
			);
			path = MapButtonsView;
			sourceTree = "<group>";
		};
		18D5771E205C0211001C4B1C /* BottomTableView */ = {
			isa = PBXGroup;
			children = (
				18D57723205C028B001C4B1C /* DefaultTableViewCell.swift */,
				18D5771F205C0225001C4B1C /* ScrollableBottomSheetViewController.swift */,
				18D57727205C02C3001C4B1C /* ScrollableBottomSheetViewControllerExtensions.swift */,
			);
			path = BottomTableView;
			sourceTree = "<group>";
		};
		18DCD756206069D40003644D /* SharedDataManager */ = {
			isa = PBXGroup;
			children = (
				18C735662057164200B292B1 /* RGSharedDataManager.swift */,
				18DCD757206069F50003644D /* RGSharedDataManagerTilesExtension.swift */,
				18DCD75920606A220003644D /* RGSharedDataManagerRoomsExtension.swift */,
				18DCD75B20606A6C0003644D /* RGSharedDataManagerFloorExtension.swift */,
				18DCD75D20606AA70003644D /* RGSharedDataManagerAccessPointExtension.swift */,
			);
			path = SharedDataManager;
			sourceTree = "<group>";
		};
		18DFE2232062EAE700B42175 /* AdminViewController */ = {
			isa = PBXGroup;
			children = (
				1858761F205D5CAC008CF624 /* AdminViewController.swift */,
			);
			path = AdminViewController;
			sourceTree = "<group>";
		};
/* End PBXGroup section */

/* Begin PBXNativeTarget section */
		182518F81FAF454A0005F5F6 /* Navigate */ = {
			isa = PBXNativeTarget;
			buildConfigurationList = 182519231FAF454A0005F5F6 /* Build configuration list for PBXNativeTarget "Navigate" */;
			buildPhases = (
				182518F51FAF454A0005F5F6 /* Sources */,
				182518F61FAF454A0005F5F6 /* Frameworks */,
				182518F71FAF454A0005F5F6 /* Resources */,
			);
			buildRules = (
			);
			dependencies = (
			);
			name = Navigate;
			productName = Navigate;
			productReference = 182518F91FAF454A0005F5F6 /* Navigate.app */;
			productType = "com.apple.product-type.application";
		};
		1825190E1FAF454A0005F5F6 /* NavigateTests */ = {
			isa = PBXNativeTarget;
			buildConfigurationList = 182519261FAF454A0005F5F6 /* Build configuration list for PBXNativeTarget "NavigateTests" */;
			buildPhases = (
				1825190B1FAF454A0005F5F6 /* Sources */,
				1825190C1FAF454A0005F5F6 /* Frameworks */,
				1825190D1FAF454A0005F5F6 /* Resources */,
			);
			buildRules = (
			);
			dependencies = (
				182519111FAF454A0005F5F6 /* PBXTargetDependency */,
			);
			name = NavigateTests;
			productName = NavigateTests;
			productReference = 1825190F1FAF454A0005F5F6 /* NavigateTests.xctest */;
			productType = "com.apple.product-type.bundle.unit-test";
		};
		182519191FAF454A0005F5F6 /* NavigateUITests */ = {
			isa = PBXNativeTarget;
			buildConfigurationList = 182519291FAF454A0005F5F6 /* Build configuration list for PBXNativeTarget "NavigateUITests" */;
			buildPhases = (
				182519161FAF454A0005F5F6 /* Sources */,
				182519171FAF454A0005F5F6 /* Frameworks */,
				182519181FAF454A0005F5F6 /* Resources */,
			);
			buildRules = (
			);
			dependencies = (
				1825191C1FAF454A0005F5F6 /* PBXTargetDependency */,
			);
			name = NavigateUITests;
			productName = NavigateUITests;
			productReference = 1825191A1FAF454A0005F5F6 /* NavigateUITests.xctest */;
			productType = "com.apple.product-type.bundle.ui-testing";
		};
/* End PBXNativeTarget section */

/* Begin PBXProject section */
		182518F11FAF454A0005F5F6 /* Project object */ = {
			isa = PBXProject;
			attributes = {
				LastSwiftUpdateCheck = 0920;
				LastUpgradeCheck = 0930;
				ORGANIZATIONNAME = "Răzvan-Gabriel Geangu";
				TargetAttributes = {
					182518F81FAF454A0005F5F6 = {
						CreatedOnToolsVersion = 9.2;
						ProvisioningStyle = Automatic;
						SystemCapabilities = {
							com.apple.BackgroundModes = {
								enabled = 0;
							};
							com.apple.NetworkExtensions.iOS = {
								enabled = 0;
							};
							com.apple.Push = {
								enabled = 1;
							};
							com.apple.Siri = {
								enabled = 0;
							};
							com.apple.WAC = {
								enabled = 0;
							};
							com.apple.iCloud = {
								enabled = 1;
							};
						};
					};
					1825190E1FAF454A0005F5F6 = {
						CreatedOnToolsVersion = 9.2;
						ProvisioningStyle = Automatic;
						TestTargetID = 182518F81FAF454A0005F5F6;
					};
					182519191FAF454A0005F5F6 = {
						CreatedOnToolsVersion = 9.2;
						ProvisioningStyle = Automatic;
						TestTargetID = 182518F81FAF454A0005F5F6;
					};
				};
			};
			buildConfigurationList = 182518F41FAF454A0005F5F6 /* Build configuration list for PBXProject "Navigate" */;
			compatibilityVersion = "Xcode 8.0";
			developmentRegion = en;
			hasScannedForEncodings = 0;
			knownRegions = (
				en,
				Base,
			);
			mainGroup = 182518F01FAF454A0005F5F6;
			productRefGroup = 182518FA1FAF454A0005F5F6 /* Products */;
			projectDirPath = "";
			projectRoot = "";
			targets = (
				182518F81FAF454A0005F5F6 /* Navigate */,
				1825190E1FAF454A0005F5F6 /* NavigateTests */,
				182519191FAF454A0005F5F6 /* NavigateUITests */,
			);
		};
/* End PBXProject section */

/* Begin PBXResourcesBuildPhase section */
		182518F71FAF454A0005F5F6 /* Resources */ = {
			isa = PBXResourcesBuildPhase;
			buildActionMask = 2147483647;
			files = (
				182518FF1FAF454A0005F5F6 /* art.scnassets in Resources */,
				18D57726205C028C001C4B1C /* DefaultTableViewCell.xib in Resources */,
				182519091FAF454A0005F5F6 /* LaunchScreen.storyboard in Resources */,
				18B93D982052AD7A00AD8B31 /* MapTileset.sks in Resources */,
				18D57722205C0225001C4B1C /* ScrollableBottomSheetViewController.xib in Resources */,
				181D01022053EB13001CB8BD /* MapTilemapScene.sks in Resources */,
				18C735632056F06500B292B1 /* Assets.xcassets in Resources */,
				182519041FAF454A0005F5F6 /* Main.storyboard in Resources */,
			);
			runOnlyForDeploymentPostprocessing = 0;
		};
		1825190D1FAF454A0005F5F6 /* Resources */ = {
			isa = PBXResourcesBuildPhase;
			buildActionMask = 2147483647;
			files = (
			);
			runOnlyForDeploymentPostprocessing = 0;
		};
		182519181FAF454A0005F5F6 /* Resources */ = {
			isa = PBXResourcesBuildPhase;
			buildActionMask = 2147483647;
			files = (
			);
			runOnlyForDeploymentPostprocessing = 0;
		};
/* End PBXResourcesBuildPhase section */

/* Begin PBXSourcesBuildPhase section */
		182518F51FAF454A0005F5F6 /* Sources */ = {
			isa = PBXSourcesBuildPhase;
			buildActionMask = 2147483647;
			files = (
				18D57721205C0225001C4B1C /* ScrollableBottomSheetViewController.swift in Sources */,
				183F1CF32068486700199D51 /* Room+CoreDataClass.swift in Sources */,
				187E329A2024953D0053853D /* PersistenceService.swift in Sources */,
				18DCD75A20606A220003644D /* RGSharedDataManagerRoomsExtension.swift in Sources */,
				183F1CF42068486700199D51 /* Room+CoreDataProperties.swift in Sources */,
				18B42E51206B114100FFB587 /* CloudKitManagerSubscriptionExtension.swift in Sources */,
				18D57728205C02C3001C4B1C /* ScrollableBottomSheetViewControllerExtensions.swift in Sources */,
				18309F5C20291983009F5CDD /* BLEServiceProperties.swift in Sources */,
				18309F5A202918BE009F5CDD /* BLEService.swift in Sources */,
				18DFE2252062EB6400B42175 /* MapTileEditViewController.swift in Sources */,
				182519011FAF454A0005F5F6 /* ARViewController.swift in Sources */,
				183F1CD42068420600199D51 /* TileCloudExtension.swift in Sources */,
				183F1C8E2068386100199D51 /* CloudKitManagedObject.swift in Sources */,
				18309F6320291F30009F5CDD /* MapViewController.swift in Sources */,
				18E0E4042065442300C173AC /* ARRing.swift in Sources */,
				181B09852069250000201AE1 /* CachedRecords+CoreDataProperties.swift in Sources */,
				183F1CF82068486700199D51 /* Floor+CoreDataProperties.swift in Sources */,
				183F1CD62068433700199D51 /* RoomCloudExtension.swift in Sources */,
				183F1CD2206841BA00199D51 /* FloorCloudExtension.swift in Sources */,
				18DCD75C20606A6C0003644D /* RGSharedDataManagerFloorExtension.swift in Sources */,
				18C735672057164200B292B1 /* RGSharedDataManager.swift in Sources */,
				1868FDE0206C1CB700BE73FE /* ProgressView.swift in Sources */,
				183F1CF52068486700199D51 /* Tile+CoreDataClass.swift in Sources */,
				183346752061FC86001EA340 /* MapButtonsViewExtensions.swift in Sources */,
				189EFFE820288D2E00E37729 /* navigate-data.xcdatamodeld in Sources */,
				181B09842069250000201AE1 /* CachedRecords+CoreDataClass.swift in Sources */,
				18DCD76120607CAA0003644D /* RGBackButton.swift in Sources */,
				183F1CF22068486700199D51 /* AccessPoint+CoreDataProperties.swift in Sources */,
				18A2642C202B544E002EE7E9 /* Util.swift in Sources */,
				183F1CD82068434100199D51 /* AccessPointCloudExtension.swift in Sources */,
				18D57725205C028C001C4B1C /* DefaultTableViewCell.swift in Sources */,
				183F1CF62068486700199D51 /* Tile+CoreDataProperties.swift in Sources */,
				18DCD75E20606AA70003644D /* RGSharedDataManagerAccessPointExtension.swift in Sources */,
				18DCD758206069F50003644D /* RGSharedDataManagerTilesExtension.swift in Sources */,
				18B42E53206B11C400FFB587 /* CloudKitManagerObjectsExtension.swift in Sources */,
				18B42E4E206B0F5C00FFB587 /* CloudKitManager.swift in Sources */,
				18587620205D5CAC008CF624 /* AdminViewController.swift in Sources */,
				18120B5B2057F47000BBF6C8 /* RGNavigation.swift in Sources */,
				1830E3EF205717DE00F39ABA /* MapViewControllerExtensions.swift in Sources */,
				18120B592057F46800BBF6C8 /* RGPositioning.swift in Sources */,
				18AE77722066B29A008E0EC9 /* MapTimeAndDistanceView.swift in Sources */,
				183F1CF72068486700199D51 /* Floor+CoreDataClass.swift in Sources */,
				182518FD1FAF454A0005F5F6 /* AppDelegate.swift in Sources */,
				18363B6F205C383700FC17F4 /* MapButtonsView.swift in Sources */,
				18B42E55206B126800FFB587 /* CloudKitManagerQueryExtension.swift in Sources */,
				183F1CF12068486700199D51 /* AccessPoint+CoreDataClass.swift in Sources */,
			);
			runOnlyForDeploymentPostprocessing = 0;
		};
		1825190B1FAF454A0005F5F6 /* Sources */ = {
			isa = PBXSourcesBuildPhase;
			buildActionMask = 2147483647;
			files = (
				182519141FAF454A0005F5F6 /* NavigateTests.swift in Sources */,
			);
			runOnlyForDeploymentPostprocessing = 0;
		};
		182519161FAF454A0005F5F6 /* Sources */ = {
			isa = PBXSourcesBuildPhase;
			buildActionMask = 2147483647;
			files = (
				1825191F1FAF454A0005F5F6 /* NavigateUITests.swift in Sources */,
			);
			runOnlyForDeploymentPostprocessing = 0;
		};
/* End PBXSourcesBuildPhase section */

/* Begin PBXTargetDependency section */
		182519111FAF454A0005F5F6 /* PBXTargetDependency */ = {
			isa = PBXTargetDependency;
			target = 182518F81FAF454A0005F5F6 /* Navigate */;
			targetProxy = 182519101FAF454A0005F5F6 /* PBXContainerItemProxy */;
		};
		1825191C1FAF454A0005F5F6 /* PBXTargetDependency */ = {
			isa = PBXTargetDependency;
			target = 182518F81FAF454A0005F5F6 /* Navigate */;
			targetProxy = 1825191B1FAF454A0005F5F6 /* PBXContainerItemProxy */;
		};
/* End PBXTargetDependency section */

/* Begin PBXVariantGroup section */
		182519021FAF454A0005F5F6 /* Main.storyboard */ = {
			isa = PBXVariantGroup;
			children = (
				182519031FAF454A0005F5F6 /* Base */,
			);
			name = Main.storyboard;
			sourceTree = "<group>";
		};
		182519071FAF454A0005F5F6 /* LaunchScreen.storyboard */ = {
			isa = PBXVariantGroup;
			children = (
				182519081FAF454A0005F5F6 /* Base */,
			);
			name = LaunchScreen.storyboard;
			sourceTree = "<group>";
		};
/* End PBXVariantGroup section */

/* Begin XCBuildConfiguration section */
		182519211FAF454A0005F5F6 /* Debug */ = {
			isa = XCBuildConfiguration;
			buildSettings = {
				ALWAYS_SEARCH_USER_PATHS = NO;
				CLANG_ANALYZER_NONNULL = YES;
				CLANG_ANALYZER_NUMBER_OBJECT_CONVERSION = YES_AGGRESSIVE;
				CLANG_CXX_LANGUAGE_STANDARD = "gnu++14";
				CLANG_CXX_LIBRARY = "libc++";
				CLANG_ENABLE_MODULES = YES;
				CLANG_ENABLE_OBJC_ARC = YES;
				CLANG_WARN_BLOCK_CAPTURE_AUTORELEASING = YES;
				CLANG_WARN_BOOL_CONVERSION = YES;
				CLANG_WARN_COMMA = YES;
				CLANG_WARN_CONSTANT_CONVERSION = YES;
				CLANG_WARN_DEPRECATED_OBJC_IMPLEMENTATIONS = YES;
				CLANG_WARN_DIRECT_OBJC_ISA_USAGE = YES_ERROR;
				CLANG_WARN_DOCUMENTATION_COMMENTS = YES;
				CLANG_WARN_EMPTY_BODY = YES;
				CLANG_WARN_ENUM_CONVERSION = YES;
				CLANG_WARN_INFINITE_RECURSION = YES;
				CLANG_WARN_INT_CONVERSION = YES;
				CLANG_WARN_NON_LITERAL_NULL_CONVERSION = YES;
				CLANG_WARN_OBJC_IMPLICIT_RETAIN_SELF = YES;
				CLANG_WARN_OBJC_LITERAL_CONVERSION = YES;
				CLANG_WARN_OBJC_ROOT_CLASS = YES_ERROR;
				CLANG_WARN_RANGE_LOOP_ANALYSIS = YES;
				CLANG_WARN_STRICT_PROTOTYPES = YES;
				CLANG_WARN_SUSPICIOUS_MOVE = YES;
				CLANG_WARN_UNGUARDED_AVAILABILITY = YES_AGGRESSIVE;
				CLANG_WARN_UNREACHABLE_CODE = YES;
				CLANG_WARN__DUPLICATE_METHOD_MATCH = YES;
				CODE_SIGN_IDENTITY = "iPhone Developer";
				COPY_PHASE_STRIP = NO;
				DEBUG_INFORMATION_FORMAT = dwarf;
				ENABLE_STRICT_OBJC_MSGSEND = YES;
				ENABLE_TESTABILITY = YES;
				GCC_C_LANGUAGE_STANDARD = gnu11;
				GCC_DYNAMIC_NO_PIC = NO;
				GCC_NO_COMMON_BLOCKS = YES;
				GCC_OPTIMIZATION_LEVEL = 0;
				GCC_PREPROCESSOR_DEFINITIONS = (
					"DEBUG=1",
					"$(inherited)",
				);
				GCC_WARN_64_TO_32_BIT_CONVERSION = YES;
				GCC_WARN_ABOUT_RETURN_TYPE = YES_ERROR;
				GCC_WARN_UNDECLARED_SELECTOR = YES;
				GCC_WARN_UNINITIALIZED_AUTOS = YES_AGGRESSIVE;
				GCC_WARN_UNUSED_FUNCTION = YES;
				GCC_WARN_UNUSED_VARIABLE = YES;
				IPHONEOS_DEPLOYMENT_TARGET = 11.2;
				MTL_ENABLE_DEBUG_INFO = YES;
				ONLY_ACTIVE_ARCH = YES;
				SDKROOT = iphoneos;
				SWIFT_ACTIVE_COMPILATION_CONDITIONS = DEBUG;
				SWIFT_OPTIMIZATION_LEVEL = "-Onone";
			};
			name = Debug;
		};
		182519221FAF454A0005F5F6 /* Release */ = {
			isa = XCBuildConfiguration;
			buildSettings = {
				ALWAYS_SEARCH_USER_PATHS = NO;
				CLANG_ANALYZER_NONNULL = YES;
				CLANG_ANALYZER_NUMBER_OBJECT_CONVERSION = YES_AGGRESSIVE;
				CLANG_CXX_LANGUAGE_STANDARD = "gnu++14";
				CLANG_CXX_LIBRARY = "libc++";
				CLANG_ENABLE_MODULES = YES;
				CLANG_ENABLE_OBJC_ARC = YES;
				CLANG_WARN_BLOCK_CAPTURE_AUTORELEASING = YES;
				CLANG_WARN_BOOL_CONVERSION = YES;
				CLANG_WARN_COMMA = YES;
				CLANG_WARN_CONSTANT_CONVERSION = YES;
				CLANG_WARN_DEPRECATED_OBJC_IMPLEMENTATIONS = YES;
				CLANG_WARN_DIRECT_OBJC_ISA_USAGE = YES_ERROR;
				CLANG_WARN_DOCUMENTATION_COMMENTS = YES;
				CLANG_WARN_EMPTY_BODY = YES;
				CLANG_WARN_ENUM_CONVERSION = YES;
				CLANG_WARN_INFINITE_RECURSION = YES;
				CLANG_WARN_INT_CONVERSION = YES;
				CLANG_WARN_NON_LITERAL_NULL_CONVERSION = YES;
				CLANG_WARN_OBJC_IMPLICIT_RETAIN_SELF = YES;
				CLANG_WARN_OBJC_LITERAL_CONVERSION = YES;
				CLANG_WARN_OBJC_ROOT_CLASS = YES_ERROR;
				CLANG_WARN_RANGE_LOOP_ANALYSIS = YES;
				CLANG_WARN_STRICT_PROTOTYPES = YES;
				CLANG_WARN_SUSPICIOUS_MOVE = YES;
				CLANG_WARN_UNGUARDED_AVAILABILITY = YES_AGGRESSIVE;
				CLANG_WARN_UNREACHABLE_CODE = YES;
				CLANG_WARN__DUPLICATE_METHOD_MATCH = YES;
				CODE_SIGN_IDENTITY = "iPhone Developer";
				COPY_PHASE_STRIP = NO;
				DEBUG_INFORMATION_FORMAT = "dwarf-with-dsym";
				ENABLE_NS_ASSERTIONS = NO;
				ENABLE_STRICT_OBJC_MSGSEND = YES;
				GCC_C_LANGUAGE_STANDARD = gnu11;
				GCC_NO_COMMON_BLOCKS = YES;
				GCC_WARN_64_TO_32_BIT_CONVERSION = YES;
				GCC_WARN_ABOUT_RETURN_TYPE = YES_ERROR;
				GCC_WARN_UNDECLARED_SELECTOR = YES;
				GCC_WARN_UNINITIALIZED_AUTOS = YES_AGGRESSIVE;
				GCC_WARN_UNUSED_FUNCTION = YES;
				GCC_WARN_UNUSED_VARIABLE = YES;
				IPHONEOS_DEPLOYMENT_TARGET = 11.2;
				MTL_ENABLE_DEBUG_INFO = NO;
				SDKROOT = iphoneos;
				SWIFT_OPTIMIZATION_LEVEL = "-Owholemodule";
				VALIDATE_PRODUCT = YES;
			};
			name = Release;
		};
		182519241FAF454A0005F5F6 /* Debug */ = {
			isa = XCBuildConfiguration;
			buildSettings = {
				ASSETCATALOG_COMPILER_APPICON_NAME = AppIcon;
				CLANG_ENABLE_OBJC_WEAK = YES;
				CODE_SIGN_ENTITLEMENTS = Navigate/Navigate.entitlements;
				CODE_SIGN_IDENTITY = "iPhone Developer";
				CODE_SIGN_STYLE = Automatic;
				DEVELOPMENT_TEAM = 9Y67R9P3DN;
				INFOPLIST_FILE = Navigate/Info.plist;
				IPHONEOS_DEPLOYMENT_TARGET = 11.0;
				LD_RUNPATH_SEARCH_PATHS = "$(inherited) @executable_path/Frameworks";
				PRODUCT_BUNDLE_IDENTIFIER = com.razvangeangu.Navigate;
				PRODUCT_NAME = "$(TARGET_NAME)";
				PROVISIONING_PROFILE_SPECIFIER = "";
				SWIFT_VERSION = 4.0;
				TARGETED_DEVICE_FAMILY = "1,2";
			};
			name = Debug;
		};
		182519251FAF454A0005F5F6 /* Release */ = {
			isa = XCBuildConfiguration;
			buildSettings = {
				ASSETCATALOG_COMPILER_APPICON_NAME = AppIcon;
				CLANG_ENABLE_OBJC_WEAK = YES;
				CODE_SIGN_ENTITLEMENTS = Navigate/Navigate.entitlements;
				CODE_SIGN_IDENTITY = "iPhone Developer";
				CODE_SIGN_STYLE = Automatic;
				DEVELOPMENT_TEAM = 9Y67R9P3DN;
				INFOPLIST_FILE = Navigate/Info.plist;
				IPHONEOS_DEPLOYMENT_TARGET = 11.0;
				LD_RUNPATH_SEARCH_PATHS = "$(inherited) @executable_path/Frameworks";
				PRODUCT_BUNDLE_IDENTIFIER = com.razvangeangu.Navigate;
				PRODUCT_NAME = "$(TARGET_NAME)";
				PROVISIONING_PROFILE_SPECIFIER = "";
				SWIFT_VERSION = 4.0;
				TARGETED_DEVICE_FAMILY = "1,2";
			};
			name = Release;
		};
		182519271FAF454A0005F5F6 /* Debug */ = {
			isa = XCBuildConfiguration;
			buildSettings = {
				ALWAYS_EMBED_SWIFT_STANDARD_LIBRARIES = YES;
				BUNDLE_LOADER = "$(TEST_HOST)";
				CLANG_ENABLE_OBJC_WEAK = YES;
				CODE_SIGN_STYLE = Automatic;
				DEVELOPMENT_TEAM = 9Y67R9P3DN;
				INFOPLIST_FILE = NavigateTests/Info.plist;
				LD_RUNPATH_SEARCH_PATHS = "$(inherited) @executable_path/Frameworks @loader_path/Frameworks";
				PRODUCT_BUNDLE_IDENTIFIER = com.razvangeangu.NavigateTests;
				PRODUCT_NAME = "$(TARGET_NAME)";
				SWIFT_VERSION = 4.0;
				TARGETED_DEVICE_FAMILY = "1,2";
				TEST_HOST = "$(BUILT_PRODUCTS_DIR)/Navigate.app/Navigate";
			};
			name = Debug;
		};
		182519281FAF454A0005F5F6 /* Release */ = {
			isa = XCBuildConfiguration;
			buildSettings = {
				ALWAYS_EMBED_SWIFT_STANDARD_LIBRARIES = YES;
				BUNDLE_LOADER = "$(TEST_HOST)";
				CLANG_ENABLE_OBJC_WEAK = YES;
				CODE_SIGN_STYLE = Automatic;
				DEVELOPMENT_TEAM = 9Y67R9P3DN;
				INFOPLIST_FILE = NavigateTests/Info.plist;
				LD_RUNPATH_SEARCH_PATHS = "$(inherited) @executable_path/Frameworks @loader_path/Frameworks";
				PRODUCT_BUNDLE_IDENTIFIER = com.razvangeangu.NavigateTests;
				PRODUCT_NAME = "$(TARGET_NAME)";
				SWIFT_VERSION = 4.0;
				TARGETED_DEVICE_FAMILY = "1,2";
				TEST_HOST = "$(BUILT_PRODUCTS_DIR)/Navigate.app/Navigate";
			};
			name = Release;
		};
		1825192A1FAF454A0005F5F6 /* Debug */ = {
			isa = XCBuildConfiguration;
			buildSettings = {
				ALWAYS_EMBED_SWIFT_STANDARD_LIBRARIES = YES;
				CLANG_ENABLE_OBJC_WEAK = YES;
				CODE_SIGN_STYLE = Automatic;
				DEVELOPMENT_TEAM = 9Y67R9P3DN;
				INFOPLIST_FILE = NavigateUITests/Info.plist;
				LD_RUNPATH_SEARCH_PATHS = "$(inherited) @executable_path/Frameworks @loader_path/Frameworks";
				PRODUCT_BUNDLE_IDENTIFIER = com.razvangeangu.NavigateUITests;
				PRODUCT_NAME = "$(TARGET_NAME)";
				SWIFT_VERSION = 4.0;
				TARGETED_DEVICE_FAMILY = "1,2";
				TEST_TARGET_NAME = Navigate;
			};
			name = Debug;
		};
		1825192B1FAF454A0005F5F6 /* Release */ = {
			isa = XCBuildConfiguration;
			buildSettings = {
				ALWAYS_EMBED_SWIFT_STANDARD_LIBRARIES = YES;
				CLANG_ENABLE_OBJC_WEAK = YES;
				CODE_SIGN_STYLE = Automatic;
				DEVELOPMENT_TEAM = 9Y67R9P3DN;
				INFOPLIST_FILE = NavigateUITests/Info.plist;
				LD_RUNPATH_SEARCH_PATHS = "$(inherited) @executable_path/Frameworks @loader_path/Frameworks";
				PRODUCT_BUNDLE_IDENTIFIER = com.razvangeangu.NavigateUITests;
				PRODUCT_NAME = "$(TARGET_NAME)";
				SWIFT_VERSION = 4.0;
				TARGETED_DEVICE_FAMILY = "1,2";
				TEST_TARGET_NAME = Navigate;
			};
			name = Release;
		};
/* End XCBuildConfiguration section */

/* Begin XCConfigurationList section */
		182518F41FAF454A0005F5F6 /* Build configuration list for PBXProject "Navigate" */ = {
			isa = XCConfigurationList;
			buildConfigurations = (
				182519211FAF454A0005F5F6 /* Debug */,
				182519221FAF454A0005F5F6 /* Release */,
			);
			defaultConfigurationIsVisible = 0;
			defaultConfigurationName = Release;
		};
		182519231FAF454A0005F5F6 /* Build configuration list for PBXNativeTarget "Navigate" */ = {
			isa = XCConfigurationList;
			buildConfigurations = (
				182519241FAF454A0005F5F6 /* Debug */,
				182519251FAF454A0005F5F6 /* Release */,
			);
			defaultConfigurationIsVisible = 0;
			defaultConfigurationName = Release;
		};
		182519261FAF454A0005F5F6 /* Build configuration list for PBXNativeTarget "NavigateTests" */ = {
			isa = XCConfigurationList;
			buildConfigurations = (
				182519271FAF454A0005F5F6 /* Debug */,
				182519281FAF454A0005F5F6 /* Release */,
			);
			defaultConfigurationIsVisible = 0;
			defaultConfigurationName = Release;
		};
		182519291FAF454A0005F5F6 /* Build configuration list for PBXNativeTarget "NavigateUITests" */ = {
			isa = XCConfigurationList;
			buildConfigurations = (
				1825192A1FAF454A0005F5F6 /* Debug */,
				1825192B1FAF454A0005F5F6 /* Release */,
			);
			defaultConfigurationIsVisible = 0;
			defaultConfigurationName = Release;
		};
/* End XCConfigurationList section */

/* Begin XCVersionGroup section */
		189EFFE620288D2E00E37729 /* navigate-data.xcdatamodeld */ = {
			isa = XCVersionGroup;
			children = (
				189EFFE720288D2E00E37729 /* navigate-data.xcdatamodel */,
			);
			currentVersion = 189EFFE720288D2E00E37729 /* navigate-data.xcdatamodel */;
			path = "navigate-data.xcdatamodeld";
			sourceTree = "<group>";
			versionGroupType = wrapper.xcdatamodel;
		};
/* End XCVersionGroup section */
	};
	rootObject = 182518F11FAF454A0005F5F6 /* Project object */;
}
